# This file is generated by running "yarn install" inside your project.
# Manual changes might be lost - proceed with caution!

__metadata:
  version: 4
  cacheKey: 8c0

"@sindresorhus/is@npm:^4.0.0":
  version: 4.0.0
  resolution: "@sindresorhus/is@npm:4.0.0"
  checksum: 968c5ef770c0f8d7db9b2b0283d2e48a6cf9e17577b09c6cc9869473850256ec6283185fcb7520a8878427d3ff75b34a4b99194efda98201f2b55054af3b1f87
  languageName: node
  linkType: hard

"@szmarczak/http-timer@npm:^4.0.5":
  version: 4.0.5
  resolution: "@szmarczak/http-timer@npm:4.0.5"
  dependencies:
    defer-to-connect: ^2.0.0
  checksum: de3f5054e08b72762b88e9ee837018d4e513e5df20e1d9f8c671d813f22b0972148509e0781b85c1de7fc60a7c9be10c2b7d4b8372ba80ffc11c43e6a24e945f
  languageName: node
  linkType: hard

"@types/cacheable-request@npm:^6.0.1":
  version: 6.0.1
  resolution: "@types/cacheable-request@npm:6.0.1"
  dependencies:
    "@types/http-cache-semantics": "*"
    "@types/keyv": "*"
    "@types/node": "*"
    "@types/responselike": "*"
  checksum: 6f92bd099c65adf36a27022e6f7a4fd6d237d930fed29ddd03fdcbf821957b68663ea5b31a607b3e15d6a9ca7d0b57d5f18d3ef4766c8947e27ba6ccd2aa7854
  languageName: node
  linkType: hard

"@types/http-cache-semantics@npm:*":
  version: 4.0.0
  resolution: "@types/http-cache-semantics@npm:4.0.0"
  checksum: 330396eb9e1eef72373323912c7c2f1df0acbea93a973d7524413bf46ac016e62c08d6d7b48aacb750cbabfb2cfc214a7dd9b579f1b6818beeb0fe9a00da425d
  languageName: node
  linkType: hard

"@types/keyv@npm:*":
  version: 3.1.1
  resolution: "@types/keyv@npm:3.1.1"
  dependencies:
    "@types/node": "*"
  checksum: 5098b339a80fe28a461785c455aded9271b2b35da8568375edae4c144422ea0dbeab5aab05929f4c51321ec6a07fd5e0980096c202e19da41a86314bf45700ec
  languageName: node
  linkType: hard

"@types/node@npm:*, @types/node@npm:^14.14.35":
  version: 14.14.35
  resolution: "@types/node@npm:14.14.35"
  checksum: 6f62d0f6712738a3f9e0cd8945610f076865599a394fc1cf6863e7c7659e5f49d98d6ded1641af4a94f839b40e4a097db5b5ddd575f07d23d7194607aea5ef88
  languageName: node
  linkType: hard

"@types/responselike@npm:*, @types/responselike@npm:^1.0.0":
  version: 1.0.0
  resolution: "@types/responselike@npm:1.0.0"
  dependencies:
    "@types/node": "*"
  checksum: 474ac2402e6d43c007eee25f50d01eb1f67255ca83dd8e036877292bbe8dd5d2d1e50b54b408e233b50a8c38e681ff3ebeaf22f18b478056eddb65536abb003a
  languageName: node
  linkType: hard

"@types/tmp@npm:^0.2.0":
  version: 0.2.0
  resolution: "@types/tmp@npm:0.2.0"
  checksum: e639b7ed4a219da18407f5c0ec5297e4759d8d3b5b9d54b8a54a7b948ee1477c63dccf71931b742cf5e1a4377456f44b7e8167e1551aa058dda05bc770e1602c
  languageName: node
  linkType: hard

"at-least-node@npm:^1.0.0":
  version: 1.0.0
  resolution: "at-least-node@npm:1.0.0"
  checksum: 4c058baf6df1bc5a1697cf182e2029c58cd99975288a13f9e70068ef5d6f4e1f1fd7c4d2c3c4912eae44797d1725be9700995736deca441b39f3e66d8dee97ef
  languageName: node
  linkType: hard

"buffer-crc32@npm:~0.2.3":
  version: 0.2.13
  resolution: "buffer-crc32@npm:0.2.13"
  checksum: cb0a8ddf5cf4f766466db63279e47761eb825693eeba6a5a95ee4ec8cb8f81ede70aa7f9d8aeec083e781d47154290eb5d4d26b3f7a465ec57fb9e7d59c47150
  languageName: node
  linkType: hard

"cacheable-lookup@npm:^5.0.3":
  version: 5.0.4
  resolution: "cacheable-lookup@npm:5.0.4"
  checksum: a6547fb4954b318aa831cbdd2f7b376824bc784fb1fa67610e4147099e3074726072d9af89f12efb69121415a0e1f2918a8ddd4aafcbcf4e91fbeef4a59cd42c
  languageName: node
  linkType: hard

"cacheable-request@npm:^7.0.1":
  version: 7.0.1
  resolution: "cacheable-request@npm:7.0.1"
  dependencies:
    clone-response: ^1.0.2
    get-stream: ^5.1.0
    http-cache-semantics: ^4.0.0
    keyv: ^4.0.0
    lowercase-keys: ^2.0.0
    normalize-url: ^4.1.0
    responselike: ^2.0.0
  checksum: 79996bd3fcf2b61f3af4c909a5d71a116fb9fd900ed0038b8c13476a6b652d1cc8689d9fd73a98c3fb2bf3268bc08dd52e8ff5aaea29aa98f747a000bb2fa506
  languageName: node
  linkType: hard

"chownr@npm:^1.1.1":
  version: 1.1.4
  resolution: "chownr@npm:1.1.4"
  checksum: ed57952a84cc0c802af900cf7136de643d3aba2eecb59d29344bc2f3f9bf703a301b9d84cdc71f82c3ffc9ccde831b0d92f5b45f91727d6c9da62f23aef9d9db
  languageName: node
  linkType: hard

"clipanion@npm:^3.0.0-rc.10":
  version: 3.0.0-rc.10
  resolution: "clipanion@npm:3.0.0-rc.10"
  dependencies:
    typanion: ^3.3.0
  peerDependencies:
    typanion: "*"
  checksum: 095e43f785c2dd90db289f84c7a85bde8409a74acd9d708acc64278d61221dc4971057ea20a94398a5f047cb9547d12edc24095a4fee994824b41032c2fd32ac
  languageName: node
  linkType: hard

"clone-response@npm:^1.0.2":
  version: 1.0.2
  resolution: "clone-response@npm:1.0.2"
  dependencies:
    mimic-response: ^1.0.0
  checksum: 96f3527ef86d0c322e0a5188d929ab78ddbc3238d47ccbb00f8abb02b02e4ef70339646ec73d657383ffbdb1f0cfef6a937062d4f701ca6f84cee7a37114007f
  languageName: node
  linkType: hard

"command-exists-promise@npm:^2.0.2":
  version: 2.0.2
  resolution: "command-exists-promise@npm:2.0.2"
  checksum: 42a3dfcaa45bbb8ccd0d1c6eb4e4242217fa0e21651943a302e4fac948a8ea331147499e6bfd48458cbdc4928ff73d3978632ff6a2b365d2df591d77af14bb46
  languageName: node
  linkType: hard

"debug@npm:^4.1.1":
  version: 4.3.2
  resolution: "debug@npm:4.3.2"
  dependencies:
    ms: 2.1.2
  peerDependenciesMeta:
    supports-color:
      optional: true
  checksum: 3cc408070bcee066ee9b2a4f3a9c40f53728919ec7c7ff568f7c3a75b0723cb5a8407191a63495be4e10669e99b0ff7f26ec70e10b025da1898cdce4876d96ca
  languageName: node
  linkType: hard

"decompress-response@npm:^6.0.0":
  version: 6.0.0
  resolution: "decompress-response@npm:6.0.0"
  dependencies:
    mimic-response: ^3.1.0
  checksum: bd89d23141b96d80577e70c54fb226b2f40e74a6817652b80a116d7befb8758261ad073a8895648a29cc0a5947021ab66705cb542fa9c143c82022b27c5b175e
  languageName: node
  linkType: hard

"defer-to-connect@npm:^2.0.0":
  version: 2.0.1
  resolution: "defer-to-connect@npm:2.0.1"
  checksum: 625ce28e1b5ad10cf77057b9a6a727bf84780c17660f6644dab61dd34c23de3001f03cedc401f7d30a4ed9965c2e8a7336e220a329146f2cf85d4eddea429782
  languageName: node
  linkType: hard

"end-of-stream@npm:^1.1.0":
  version: 1.4.4
  resolution: "end-of-stream@npm:1.4.4"
  dependencies:
    once: ^1.4.0
  checksum: 870b423afb2d54bb8d243c63e07c170409d41e20b47eeef0727547aea5740bd6717aca45597a9f2745525667a6b804c1e7bede41f856818faee5806dd9ff3975
  languageName: node
  linkType: hard

"fd-slicer@npm:~1.1.0":
  version: 1.1.0
  resolution: "fd-slicer@npm:1.1.0"
  dependencies:
    pend: ~1.2.0
  checksum: 304dd70270298e3ffe3bcc05e6f7ade2511acc278bc52d025f8918b48b6aa3b77f10361bddfadfe2a28163f7af7adbdce96f4d22c31b2f648ba2901f0c5fc20e
  languageName: node
  linkType: hard

"fs-extra@npm:^9.0.1":
  version: 9.1.0
  resolution: "fs-extra@npm:9.1.0"
  dependencies:
    at-least-node: ^1.0.0
    graceful-fs: ^4.2.0
    jsonfile: ^6.0.1
    universalify: ^2.0.0
  checksum: 9b808bd884beff5cb940773018179a6b94a966381d005479f00adda6b44e5e3d4abf765135773d849cc27efe68c349e4a7b86acd7d3306d5932c14f3a4b17a92
  languageName: node
  linkType: hard

"fs-minipass@npm:^1.2.5":
  version: 1.2.7
  resolution: "fs-minipass@npm:1.2.7"
  dependencies:
    minipass: ^2.6.0
  checksum: c8259ce8caab360f16b8c3774fd09dd1d5240d6f3f78fd8efa0a215b5f40edfa90e7b5b5ddc2335a4c50885e29d5983f9fe6ac3ac19320e6917a21dbb9f05c64
  languageName: node
  linkType: hard

"get-stream@npm:^5.1.0":
  version: 5.2.0
  resolution: "get-stream@npm:5.2.0"
  dependencies:
    pump: ^3.0.0
  checksum: 43797ffd815fbb26685bf188c8cfebecb8af87b3925091dd7b9a9c915993293d78e3c9e1bce125928ff92f2d0796f3889b92b5ec6d58d1041b574682132e0a80
  languageName: node
  linkType: hard

"got@npm:^11.8.2":
  version: 11.8.2
  resolution: "got@npm:11.8.2"
  dependencies:
    "@sindresorhus/is": ^4.0.0
    "@szmarczak/http-timer": ^4.0.5
    "@types/cacheable-request": ^6.0.1
    "@types/responselike": ^1.0.0
    cacheable-lookup: ^5.0.3
    cacheable-request: ^7.0.1
    decompress-response: ^6.0.0
    http2-wrapper: ^1.0.0-beta.5.2
    lowercase-keys: ^2.0.0
    p-cancelable: ^2.0.0
    responselike: ^2.0.0
  checksum: 12fc2f5ffeed74746b75764c304f9dcd679edb593a9d079e8235ca3a2a112ab500702a81f693573a389c198c678f9b0e827921a20cdb29c90dc8897a37432419
  languageName: node
  linkType: hard

"graceful-fs@npm:^4.1.6, graceful-fs@npm:^4.2.0":
  version: 4.2.6
  resolution: "graceful-fs@npm:4.2.6"
  checksum: f24a75a9ca057c3d482148242878c7fe9e25ce73a46c7480a58b53f1915c93d9ddf27c2d22d8b99182447e8d7f37ae6b29a74b246bbcc8c0d0b36b0d0648cea5
  languageName: node
  linkType: hard

"http-cache-semantics@npm:^4.0.0":
  version: 4.1.0
  resolution: "http-cache-semantics@npm:4.1.0"
  checksum: abe115ddd9f24914a49842f2745ecc8380837bbe30b59b154648c76ebc1bd3d5f8bd05c1789aaa2ae6b79624c591d13c8aa79104ff21078e117140a65ac20654
  languageName: node
  linkType: hard

"http2-wrapper@npm:^1.0.0-beta.5.2":
  version: 1.0.3
  resolution: "http2-wrapper@npm:1.0.3"
  dependencies:
    quick-lru: ^5.1.1
    resolve-alpn: ^1.0.0
  checksum: 6a9b72a033e9812e1476b9d776ce2f387bc94bc46c88aea0d5dab6bd47d0a539b8178830e77054dd26d1142c866d515a28a4dc7c3ff4232c88ff2ebe4f5d12d1
  languageName: node
  linkType: hard

"java-caller@npm:^2.2.4":
  version: 2.2.4
  resolution: "java-caller@npm:2.2.4"
  dependencies:
    debug: ^4.1.1
    fs-extra: ^9.0.1
    njre: ^0.2.0
  checksum: 605d45be155bbd13f9c9d149e9f30f3260a91b63a84274581298270dc61ec24046c1fcc92008bf5561b2a5cee3042356cb5562d18cd55561ce8a113de442f303
  languageName: node
  linkType: hard

"json-buffer@npm:3.0.1":
  version: 3.0.1
  resolution: "json-buffer@npm:3.0.1"
  checksum: 0d1c91569d9588e7eef2b49b59851f297f3ab93c7b35c7c221e288099322be6b562767d11e4821da500f3219542b9afd2e54c5dc573107c1126ed1080f8e96d7
  languageName: node
  linkType: hard

"jsonfile@npm:^6.0.1":
  version: 6.1.0
  resolution: "jsonfile@npm:6.1.0"
  dependencies:
    graceful-fs: ^4.1.6
    universalify: ^2.0.0
  dependenciesMeta:
    graceful-fs:
      optional: true
  checksum: 4f95b5e8a5622b1e9e8f33c96b7ef3158122f595998114d1e7f03985649ea99cb3cd99ce1ed1831ae94c8c8543ab45ebd044207612f31a56fd08462140e46865
  languageName: node
  linkType: hard

"keyv@npm:^4.0.0":
  version: 4.0.3
  resolution: "keyv@npm:4.0.3"
  dependencies:
    json-buffer: 3.0.1
  checksum: c296ae682c10c40f3154d28ad0945bd91d70f5a9a44969bd5f315bb256e226276e4e27708df07ebda28fc07ef0b34f2eabcda38146f63bb538fcca1c94de8218
  languageName: node
  linkType: hard

"lowercase-keys@npm:^2.0.0":
  version: 2.0.0
  resolution: "lowercase-keys@npm:2.0.0"
  checksum: f82a2b3568910509da4b7906362efa40f5b54ea14c2584778ddb313226f9cbf21020a5db35f9b9a0e95847a9b781d548601f31793d736b22a2b8ae8eb9ab1082
  languageName: node
  linkType: hard

"mimic-response@npm:^1.0.0":
  version: 1.0.1
  resolution: "mimic-response@npm:1.0.1"
  checksum: c5381a5eae997f1c3b5e90ca7f209ed58c3615caeee850e85329c598f0c000ae7bec40196580eef1781c60c709f47258131dab237cad8786f8f56750594f27fa
  languageName: node
  linkType: hard

"mimic-response@npm:^3.1.0":
  version: 3.1.0
  resolution: "mimic-response@npm:3.1.0"
  checksum: 0d6f07ce6e03e9e4445bee655202153bdb8a98d67ee8dc965ac140900d7a2688343e6b4c9a72cfc9ef2f7944dfd76eef4ab2482eb7b293a68b84916bac735362
  languageName: node
  linkType: hard

"minimist@npm:^1.2.5":
  version: 1.2.5
  resolution: "minimist@npm:1.2.5"
  checksum: c143b0c199af4df7a55c7a37b6465cdd438acdc6a3a345ba0fe9d94dfcc2042263f650879bc73be607c843deeaeaadf39c864e55bc6d80b36a025eca1a062ee7
  languageName: node
  linkType: hard

"minipass@npm:^2.6.0, minipass@npm:^2.8.6, minipass@npm:^2.9.0":
  version: 2.9.0
  resolution: "minipass@npm:2.9.0"
  dependencies:
    safe-buffer: ^5.1.2
    yallist: ^3.0.0
  checksum: 307d8765ac3db9fcd6b486367e6f6c3e460f3a3e198d95d6c0005a2d95804c40c72959261cdebde3c8237cda0b03d4c01975e4581fe11abcf201f5005caafd2a
  languageName: node
  linkType: hard

"minizlib@npm:^1.2.1":
  version: 1.3.3
  resolution: "minizlib@npm:1.3.3"
  dependencies:
    minipass: ^2.9.0
  checksum: 79798032bbaa6594fa517e5b7ff9977951984fc9548a421b28d3fb0add8ed7e98a33e41e262af53b944f9d860c1e00fc778b477ef692e7b38b1ba12b390ffb17
  languageName: node
  linkType: hard

"mkdirp@npm:^0.5.0":
  version: 0.5.5
  resolution: "mkdirp@npm:0.5.5"
  dependencies:
    minimist: ^1.2.5
  bin:
    mkdirp: bin/cmd.js
  checksum: 4469faeeba703bc46b7cdbe3097d6373747a581eb8b556ce41c8fd25a826eb3254466c6522ba823c2edb0b6f0da7beb91cf71f040bc4e361534a3e67f0994bd0
  languageName: node
  linkType: hard

"ms@npm:2.1.2":
  version: 2.1.2
  resolution: "ms@npm:2.1.2"
  checksum: a437714e2f90dbf881b5191d35a6db792efbca5badf112f87b9e1c712aace4b4b9b742dd6537f3edf90fd6f684de897cec230abde57e87883766712ddda297cc
  languageName: node
  linkType: hard

"njre@npm:^0.2.0":
  version: 0.2.0
  resolution: "njre@npm:0.2.0"
  dependencies:
    command-exists-promise: ^2.0.2
    node-fetch: ^2.5.0
    tar: ^4.4.8
    yauzl: ^2.10.0
  checksum: 871d259e53ef21cd95b7556955b410f494483e4ed141445243c08570a451f50903c6e675b962e68ebe1e15e7cb895d9ecdffb9114ff317efc38029386cc453a0
  languageName: node
  linkType: hard

"node-fetch@npm:^2.5.0":
  version: 2.6.1
  resolution: "node-fetch@npm:2.6.1"
  checksum: c58586d121782df045681e29608f940be90c7d8c4cada29957c148cfcc5e2d81d74b690cf10ee6879ed055da7ea821450a74ff43f3bde651cf6c8a5f34a77e2a
  languageName: node
  linkType: hard

"normalize-url@npm:^4.1.0":
  version: 4.5.0
  resolution: "normalize-url@npm:4.5.0"
  checksum: 8d7bf95649c25828e04d504e32a8d89339f6bfd292e6c911f7857a842a601a378aabed0cbc74dc4d1aafa752f060498f865d027918714370eb1ddf86c04a0472
  languageName: node
  linkType: hard

"once@npm:^1.3.1, once@npm:^1.4.0":
  version: 1.4.0
  resolution: "once@npm:1.4.0"
  dependencies:
    wrappy: 1
  checksum: 5d48aca287dfefabd756621c5dfce5c91a549a93e9fdb7b8246bc4c4790aa2ec17b34a260530474635147aeb631a2dcc8b32c613df0675f96041cbb8244517d0
  languageName: node
  linkType: hard

"p-cancelable@npm:^2.0.0":
  version: 2.1.0
  resolution: "p-cancelable@npm:2.1.0"
  checksum: 293150ed3e893a2e1cab6d21bd10176b6ec2876c6266927b08b03919db6b642751ac18183aa764664fe95e6f3c1ccde12f62cd81370571003e04e65b3cc0d46b
  languageName: node
  linkType: hard

"pend@npm:~1.2.0":
  version: 1.2.0
  resolution: "pend@npm:1.2.0"
  checksum: 8a87e63f7a4afcfb0f9f77b39bb92374afc723418b9cb716ee4257689224171002e07768eeade4ecd0e86f1fa3d8f022994219fb45634f2dbd78c6803e452458
  languageName: node
  linkType: hard

"pump@npm:^3.0.0":
  version: 3.0.0
  resolution: "pump@npm:3.0.0"
  dependencies:
    end-of-stream: ^1.1.0
    once: ^1.3.1
  checksum: bbdeda4f747cdf47db97428f3a135728669e56a0ae5f354a9ac5b74556556f5446a46f720a8f14ca2ece5be9b4d5d23c346db02b555f46739934cc6c093a5478
  languageName: node
  linkType: hard

"quick-lru@npm:^5.1.1":
  version: 5.1.1
  resolution: "quick-lru@npm:5.1.1"
  checksum: a24cba5da8cec30d70d2484be37622580f64765fb6390a928b17f60cd69e8dbd32a954b3ff9176fa1b86d86ff2ba05252fae55dc4d40d0291c60412b0ad096da
  languageName: node
  linkType: hard

"resolve-alpn@npm:^1.0.0":
  version: 1.0.0
  resolution: "resolve-alpn@npm:1.0.0"
  checksum: 28a25138e6913a8730cf7415aa3ecca5469bd26d08a5ca6c8932f542293cc791f8fe89c875d36e9c6a525c1af1113e69190781ebe599db9dcebc152a95408668
  languageName: node
  linkType: hard

"responselike@npm:^2.0.0":
  version: 2.0.0
  resolution: "responselike@npm:2.0.0"
  dependencies:
    lowercase-keys: ^2.0.0
  checksum: 653db4b1286f7a92bcd4d19463ac32687c0c1329d3e42c26e69b301197c583bcf40d77e910c1a6ac7cb7c3e8b6be1f1303d8e4168ad7c04db00397d8e70f5366
  languageName: node
  linkType: hard

"safe-buffer@npm:^5.1.2":
  version: 5.2.1
  resolution: "safe-buffer@npm:5.2.1"
  checksum: 6501914237c0a86e9675d4e51d89ca3c21ffd6a31642efeba25ad65720bce6921c9e7e974e5be91a786b25aa058b5303285d3c15dbabf983a919f5f630d349f3
  languageName: node
  linkType: hard

"tar@npm:^4.4.8":
  version: 4.4.13
  resolution: "tar@npm:4.4.13"
  dependencies:
    chownr: ^1.1.1
    fs-minipass: ^1.2.5
    minipass: ^2.8.6
    minizlib: ^1.2.1
    mkdirp: ^0.5.0
    safe-buffer: ^5.1.2
    yallist: ^3.0.3
  checksum: 30d053ef489c41e3ef41ec9d26abd403309a50f17d2c916a0432009fd8cbc819a200106f632db1674b230b2b91020befe68c3e19b828f78f10ed826375ac879f
  languageName: node
  linkType: hard

"typanion@npm:^3.3.0":
  version: 3.3.0
  resolution: "typanion@npm:3.3.0"
  checksum: 6ce5289eb54f1c990694b2568431bd6d97ead3470dc1b0f81ee94cdae3ecd8d0fcb89a54355d32358ec2ed2354cb942fa0d7601fda1370057f3032cfe064c9ce
  languageName: node
  linkType: hard

typescript@^4.2.3:
  version: 4.2.3
  resolution: "typescript@npm:4.2.3"
  bin:
    tsc: bin/tsc
    tsserver: bin/tsserver
  checksum: 5ee3178699da3c0be7c79cd326670d407c3c788b3f3d2794df3ffa8f7ec9dfb52db320cd2c9054ce76047ad0436e1c80e74d0a1b552af490d99d0ff43bf85d3e
  languageName: node
  linkType: hard

"typescript@patch:typescript@^4.2.3#builtin<compat/typescript>":
  version: 4.2.3
  resolution: "typescript@patch:typescript@npm%3A4.2.3#builtin<compat/typescript>::version=4.2.3&hash=a45b0e"
  bin:
    tsc: bin/tsc
    tsserver: bin/tsserver
  checksum: 41a09aafdb92359be37358cf0c8b4c4948fd2c71e38bba415ab12f8e12f2e362f31030514571ae19c889eda13f2b000d0652fe9b0ebcb0b14642886c1cc3b045
  languageName: node
  linkType: hard

"universalify@npm:^2.0.0":
  version: 2.0.0
  resolution: "universalify@npm:2.0.0"
  checksum: 07092b9f46df61b823d8ab5e57f0ee5120c178b39609a95e4a15a98c42f6b0b8e834e66fbb47ff92831786193be42f1fd36347169b88ce8639d0f9670af24a71
  languageName: node
  linkType: hard

"wrappy@npm:1":
  version: 1.0.2
  resolution: "wrappy@npm:1.0.2"
  checksum: 56fece1a4018c6a6c8e28fbc88c87e0fbf4ea8fd64fc6c63b18f4acc4bd13e0ad2515189786dd2c30d3eec9663d70f4ecf699330002f8ccb547e4a18231fc9f0
  languageName: node
  linkType: hard

"yallist@npm:^3.0.0, yallist@npm:^3.0.3":
  version: 3.1.1
  resolution: "yallist@npm:3.1.1"
  checksum: c66a5c46bc89af1625476f7f0f2ec3653c1a1791d2f9407cfb4c2ba812a1e1c9941416d71ba9719876530e3340a99925f697142989371b72d93b9ee628afd8c1
  languageName: node
  linkType: hard

"yarn-cache-remover@workspace:.":
  version: 0.0.0-use.local
  resolution: "yarn-cache-remover@workspace:."
  dependencies:
    "@types/node": ^14.14.35
    "@types/tmp": ^0.2.0
    clipanion: ^3.0.0-rc.10
    got: ^11.8.2
    java-caller: ^2.2.4
    typescript: ^4.2.3
  bin:
    yarn-cache-remover: ./lib/index.js
  languageName: unknown
  linkType: soft

"yauzl@npm:^2.10.0":
  version: 2.10.0
  resolution: "yauzl@npm:2.10.0"
  dependencies:
    buffer-crc32: ~0.2.3
    fd-slicer: ~1.1.0
  checksum: f265002af7541b9ec3589a27f5fb8f11cf348b53cc15e2751272e3c062cd73f3e715bc72d43257de71bbaecae446c3f1b14af7559e8ab0261625375541816422
  languageName: node
  linkType: hard
